
Microsoft Visual Studio Solution File, Format Version 12.00
# Visual Studio Version 16
VisualStudioVersion = 16.0.29709.97
MinimumVisualStudioVersion = 10.0.40219.1
Project("{FAE04EC0-301F-11D3-BF4B-00C04F79EFBC}") = "DemoMVCApp", "DemoMVCApp\DemoMVCApp.csproj", "{95C8E273-279B-44DB-99FD-ABDD22C7BB5D}"
EndProject
Global
	GlobalSection(SolutionConfigurationPlatforms) = preSolution
		Debug|Any CPU = Debug|Any CPU
		Release|Any CPU = Release|Any CPU
	EndGlobalSection
	GlobalSection(ProjectConfigurationPlatforms) = postSolution
		{95C8E273-279B-44DB-99FD-ABDD22C7BB5D}.Debug|Any CPU.ActiveCfg = Debug|Any CPU
		{95C8E273-279B-44DB-99FD-ABDD22C7BB5D}.Debug|Any CPU.Build.0 = Debug|Any CPU
		{95C8E273-279B-44DB-99FD-ABDD22C7BB5D}.Release|Any CPU.ActiveCfg = Release|Any CPU
		{95C8E273-279B-44DB-99FD-ABDD22C7BB5D}.Release|Any CPU.Build.0 = Release|Any CPU
	EndGlobalSection
	GlobalSection(SolutionProperties) = preSolution
		HideSolutionNode = FALSE
	EndGlobalSection
	GlobalSection(ExtensibilityGlobals) = postSolution
		SolutionGuid = {901C29BA-C2D8-4342-A0B8-77E7BB840888}
	EndGlobalSection
EndGlobal
